# This file is automatically @generated by Cargo.
# It is not intended for manual editing.
version = 3

[[package]]
name = "pil2-proofman-rs"
version = "0.1.0"
dependencies = [
 "winter-math",
]

[[package]]
name = "winter-math"
version = "0.6.5"
source = "registry+https://github.com/rust-lang/crates.io-index"
checksum = "1795f5323f03c987a6aada6e8229f2c7f9353956cfa1b648b9c6cf5440958caa"
dependencies = [
 "winter-utils",
]

[[package]]
name = "winter-utils"
version = "0.6.4"
source = "registry+https://github.com/rust-lang/crates.io-index"
checksum = "b903fda6a50cce2aa5a172a9269aca0f09b25df20afb1faa427db76d40779671"
